
Microsoft Visual Studio Solution File, Format Version 12.00
# Visual Studio Version 17
VisualStudioVersion = 17.4.33110.190
MinimumVisualStudioVersion = 10.0.40219.1
Project("{9A19103F-16F7-4668-BE54-9A1E7A4F7556}") = "Upload_images", "Praticeeeeee\Upload_images.csproj", "{5CF512E4-B256-4CE8-8735-9D196F6DFB86}"
EndProject
Global
	GlobalSection(SolutionConfigurationPlatforms) = preSolution
		Debug|Any CPU = Debug|Any CPU
		Release|Any CPU = Release|Any CPU
	EndGlobalSection
	GlobalSection(ProjectConfigurationPlatforms) = postSolution
		{5CF512E4-B256-4CE8-8735-9D196F6DFB86}.Debug|Any CPU.ActiveCfg = Debug|Any CPU
		{5CF512E4-B256-4CE8-8735-9D196F6DFB86}.Debug|Any CPU.Build.0 = Debug|Any CPU
		{5CF512E4-B256-4CE8-8735-9D196F6DFB86}.Release|Any CPU.ActiveCfg = Release|Any CPU
		{5CF512E4-B256-4CE8-8735-9D196F6DFB86}.Release|Any CPU.Build.0 = Release|Any CPU
	EndGlobalSection
	GlobalSection(SolutionProperties) = preSolution
		HideSolutionNode = FALSE
	EndGlobalSection
	GlobalSection(ExtensibilityGlobals) = postSolution
		SolutionGuid = {CF1EFC47-A2F9-4C50-B18C-E4256A845116}
	EndGlobalSection
EndGlobal
